Microsoft Visual Studio Solution File, Format Version 7.00
Project("{FAE04EC0-301F-11D3-BF4B-00C04F79EFBC}") = "ExecCommand", "ExecCommand.csproj", "{B2D11F75-6F04-4714-A33A-5E134A2303AD}"
EndProject
Global
	GlobalSection(SolutionConfiguration) = preSolution
		ConfigName.0 = Debug
		ConfigName.1 = Release
	EndGlobalSection
	GlobalSection(ProjectDependencies) = postSolution
	EndGlobalSection
	GlobalSection(ProjectConfiguration) = postSolution
		{B2D11F75-6F04-4714-A33A-5E134A2303AD}.Debug.ActiveCfg = Debug|.NET
		{B2D11F75-6F04-4714-A33A-5E134A2303AD}.Debug.Build.0 = Debug|.NET
		{B2D11F75-6F04-4714-A33A-5E134A2303AD}.Release.ActiveCfg = Release|.NET
		{B2D11F75-6F04-4714-A33A-5E134A2303AD}.Release.Build.0 = Release|.NET
	EndGlobalSection
	GlobalSection(ExtensibilityGlobals) = postSolution
	EndGlobalSection
	GlobalSection(ExtensibilityAddIns) = postSolution
	EndGlobalSection
EndGlobal
