Microsoft Visual Studio Solution File, Format Version 8.00
Project("{FAE04EC0-301F-11D3-BF4B-00C04F79EFBC}") = "VSPerf_Maddog", "VSPerf_Maddog.csproj", "{8EDB2B1D-5FAB-4417-B9E9-44387EFEF364}"
	ProjectSection(ProjectDependencies) = postProject
	EndProjectSection
EndProject
Global
	GlobalSection(SolutionConfiguration) = preSolution
		Debug = Debug
		Release = Release
	EndGlobalSection
	GlobalSection(ProjectConfiguration) = postSolution
		{8EDB2B1D-5FAB-4417-B9E9-44387EFEF364}.Debug.ActiveCfg = Debug|.NET
		{8EDB2B1D-5FAB-4417-B9E9-44387EFEF364}.Debug.Build.0 = Debug|.NET
		{8EDB2B1D-5FAB-4417-B9E9-44387EFEF364}.Release.ActiveCfg = Release|.NET
		{8EDB2B1D-5FAB-4417-B9E9-44387EFEF364}.Release.Build.0 = Release|.NET
	EndGlobalSection
	GlobalSection(ExtensibilityGlobals) = postSolution
	EndGlobalSection
	GlobalSection(ExtensibilityAddIns) = postSolution
	EndGlobalSection
EndGlobal
