Microsoft Visual Studio Solution File, Format Version 8.00
Project("{FAE04EC0-301F-11D3-BF4B-00C04F79EFBC}") = "MOMSP1Inst", "MOMSP1Inst\MOMSP1Inst.csproj", "{13BAC3E4-F689-45B7-9251-71C5F775AC84}"
	ProjectSection(ProjectDependencies) = postProject
	EndProjectSection
EndProject
Project("{FAE04EC0-301F-11D3-BF4B-00C04F79EFBC}") = "Inst_MOMSP1", "Inst_MOMSP1\Inst_MOMSP1.csproj", "{A275ABCE-9660-4353-B63E-A7BA0E715B76}"
	ProjectSection(ProjectDependencies) = postProject
		{13BAC3E4-F689-45B7-9251-71C5F775AC84} = {13BAC3E4-F689-45B7-9251-71C5F775AC84}
	EndProjectSection
EndProject
Global
	GlobalSection(SolutionConfiguration) = preSolution
		Debug = Debug
		Release = Release
	EndGlobalSection
	GlobalSection(ProjectConfiguration) = postSolution
		{13BAC3E4-F689-45B7-9251-71C5F775AC84}.Debug.ActiveCfg = Debug|.NET
		{13BAC3E4-F689-45B7-9251-71C5F775AC84}.Debug.Build.0 = Debug|.NET
		{13BAC3E4-F689-45B7-9251-71C5F775AC84}.Release.ActiveCfg = Release|.NET
		{13BAC3E4-F689-45B7-9251-71C5F775AC84}.Release.Build.0 = Release|.NET
		{A275ABCE-9660-4353-B63E-A7BA0E715B76}.Debug.ActiveCfg = Debug|.NET
		{A275ABCE-9660-4353-B63E-A7BA0E715B76}.Debug.Build.0 = Debug|.NET
		{A275ABCE-9660-4353-B63E-A7BA0E715B76}.Release.ActiveCfg = Release|.NET
		{A275ABCE-9660-4353-B63E-A7BA0E715B76}.Release.Build.0 = Release|.NET
	EndGlobalSection
	GlobalSection(SolutionItems) = postSolution
		Sources_Example.txt = Sources_Example.txt
	EndGlobalSection
	GlobalSection(ExtensibilityGlobals) = postSolution
	EndGlobalSection
	GlobalSection(ExtensibilityAddIns) = postSolution
	EndGlobalSection
EndGlobal
