Microsoft Visual Studio Solution File, Format Version 8.00
Project("{FAE04EC0-301F-11D3-BF4B-00C04F79EFBC}") = "DirTest", "DirTest.csproj", "{A661BD09-8090-40D8-92DD-22317693F794}"
	ProjectSection(ProjectDependencies) = postProject
	EndProjectSection
EndProject
Global
	GlobalSection(SolutionConfiguration) = preSolution
		Debug = Debug
		Release = Release
	EndGlobalSection
	GlobalSection(ProjectConfiguration) = postSolution
		{A661BD09-8090-40D8-92DD-22317693F794}.Debug.ActiveCfg = Debug|.NET
		{A661BD09-8090-40D8-92DD-22317693F794}.Debug.Build.0 = Debug|.NET
		{A661BD09-8090-40D8-92DD-22317693F794}.Release.ActiveCfg = Release|.NET
		{A661BD09-8090-40D8-92DD-22317693F794}.Release.Build.0 = Release|.NET
	EndGlobalSection
	GlobalSection(ExtensibilityGlobals) = postSolution
	EndGlobalSection
	GlobalSection(ExtensibilityAddIns) = postSolution
	EndGlobalSection
EndGlobal
