
Microsoft Visual Studio Solution File, Format Version 11.00
# Visual Studio 2010
Project("{FAE04EC0-301F-11D3-BF4B-00C04F79EFBC}") = "NumeralConverter-Test", "NumeralConverter-Test\NumeralConverter-Test.csproj", "{5B11079D-98BB-44CA-A24F-DA0D64037F0C}"
	ProjectSection(ProjectDependencies) = postProject
		{A3BE891C-8E69-4C0E-A0FF-64EC1BF71003} = {A3BE891C-8E69-4C0E-A0FF-64EC1BF71003}
	EndProjectSection
EndProject
Project("{FAE04EC0-301F-11D3-BF4B-00C04F79EFBC}") = "NewNumeralConverter", "NewNumeralConverter\NewNumeralConverter\NewNumeralConverter.csproj", "{A3BE891C-8E69-4C0E-A0FF-64EC1BF71003}"
EndProject
Global
	GlobalSection(SolutionConfigurationPlatforms) = preSolution
		Debug|Any CPU = Debug|Any CPU
		Release|Any CPU = Release|Any CPU
	EndGlobalSection
	GlobalSection(ProjectConfigurationPlatforms) = postSolution
		{5B11079D-98BB-44CA-A24F-DA0D64037F0C}.Debug|Any CPU.ActiveCfg = Debug|Any CPU
		{5B11079D-98BB-44CA-A24F-DA0D64037F0C}.Debug|Any CPU.Build.0 = Debug|Any CPU
		{5B11079D-98BB-44CA-A24F-DA0D64037F0C}.Release|Any CPU.ActiveCfg = Release|Any CPU
		{5B11079D-98BB-44CA-A24F-DA0D64037F0C}.Release|Any CPU.Build.0 = Release|Any CPU
		{A3BE891C-8E69-4C0E-A0FF-64EC1BF71003}.Debug|Any CPU.ActiveCfg = Debug|Any CPU
		{A3BE891C-8E69-4C0E-A0FF-64EC1BF71003}.Debug|Any CPU.Build.0 = Debug|Any CPU
		{A3BE891C-8E69-4C0E-A0FF-64EC1BF71003}.Release|Any CPU.ActiveCfg = Release|Any CPU
		{A3BE891C-8E69-4C0E-A0FF-64EC1BF71003}.Release|Any CPU.Build.0 = Release|Any CPU
	EndGlobalSection
	GlobalSection(SolutionProperties) = preSolution
		HideSolutionNode = FALSE
	EndGlobalSection
EndGlobal
