Microsoft Visual Studio Solution File, Format Version 8.00
Project("{FAE04EC0-301F-11D3-BF4B-00C04F79EFBC}") = "MS.Internal.CommandLine", "src\MS.CommandLine.csproj", "{F8ACE506-AFDA-4CA2-B8AC-F214B50BC456}"
	ProjectSection(ProjectDependencies) = postProject
	EndProjectSection
EndProject
Project("{FAE04EC0-301F-11D3-BF4B-00C04F79EFBC}") = "TestApp", "TestApp\TestApp.csproj", "{79E8E6B3-6D7A-4699-9E2F-176F157FFDE6}"
	ProjectSection(ProjectDependencies) = postProject
	EndProjectSection
EndProject
Global
	GlobalSection(SolutionConfiguration) = preSolution
		Debug = Debug
		Release = Release
	EndGlobalSection
	GlobalSection(ProjectConfiguration) = postSolution
		{F8ACE506-AFDA-4CA2-B8AC-F214B50BC456}.Debug.ActiveCfg = Debug|.NET
		{F8ACE506-AFDA-4CA2-B8AC-F214B50BC456}.Debug.Build.0 = Debug|.NET
		{F8ACE506-AFDA-4CA2-B8AC-F214B50BC456}.Release.ActiveCfg = Release|.NET
		{F8ACE506-AFDA-4CA2-B8AC-F214B50BC456}.Release.Build.0 = Release|.NET
		{79E8E6B3-6D7A-4699-9E2F-176F157FFDE6}.Debug.ActiveCfg = Debug|.NET
		{79E8E6B3-6D7A-4699-9E2F-176F157FFDE6}.Debug.Build.0 = Debug|.NET
		{79E8E6B3-6D7A-4699-9E2F-176F157FFDE6}.Release.ActiveCfg = Release|.NET
		{79E8E6B3-6D7A-4699-9E2F-176F157FFDE6}.Release.Build.0 = Release|.NET
	EndGlobalSection
	GlobalSection(ExtensibilityGlobals) = postSolution
	EndGlobalSection
	GlobalSection(ExtensibilityAddIns) = postSolution
	EndGlobalSection
EndGlobal
