Microsoft Visual Studio Solution File, Format Version 7.00
Project("{FAE04EC0-301F-11D3-BF4B-00C04F79EFBC}") = "WMIConnect", "WMIConnect.csproj", "{7F953BA5-B391-4AD2-B02E-2D9C6362BED4}"
EndProject
Global
	GlobalSection(SolutionConfiguration) = preSolution
		ConfigName.0 = Debug
		ConfigName.1 = Release
	EndGlobalSection
	GlobalSection(ProjectDependencies) = postSolution
	EndGlobalSection
	GlobalSection(ProjectConfiguration) = postSolution
		{7F953BA5-B391-4AD2-B02E-2D9C6362BED4}.Debug.ActiveCfg = Debug|.NET
		{7F953BA5-B391-4AD2-B02E-2D9C6362BED4}.Debug.Build.0 = Debug|.NET
		{7F953BA5-B391-4AD2-B02E-2D9C6362BED4}.Release.ActiveCfg = Release|.NET
		{7F953BA5-B391-4AD2-B02E-2D9C6362BED4}.Release.Build.0 = Release|.NET
	EndGlobalSection
	GlobalSection(ExtensibilityGlobals) = postSolution
	EndGlobalSection
	GlobalSection(ExtensibilityAddIns) = postSolution
	EndGlobalSection
EndGlobal
